
Microsoft Visual Studio Solution File, Format Version 12.00
# Visual Studio Version 16
VisualStudioVersion = 16.0.29230.47
MinimumVisualStudioVersion = 10.0.40219.1
Project("{FAE04EC0-301F-11D3-BF4B-00C04F79EFBC}") = "RadioSX", "RadioSX\RadioSX.csproj", "{0BA6CF28-27E4-4AF3-9639-349D4B5E81E8}"
EndProject
Global
	GlobalSection(SolutionConfigurationPlatforms) = preSolution
		Debug|Any CPU = Debug|Any CPU
		Release|Any CPU = Release|Any CPU
	EndGlobalSection
	GlobalSection(ProjectConfigurationPlatforms) = postSolution
		{0BA6CF28-27E4-4AF3-9639-349D4B5E81E8}.Debug|Any CPU.ActiveCfg = Debug|Any CPU
		{0BA6CF28-27E4-4AF3-9639-349D4B5E81E8}.Debug|Any CPU.Build.0 = Debug|Any CPU
		{0BA6CF28-27E4-4AF3-9639-349D4B5E81E8}.Release|Any CPU.ActiveCfg = Release|Any CPU
		{0BA6CF28-27E4-4AF3-9639-349D4B5E81E8}.Release|Any CPU.Build.0 = Release|Any CPU
	EndGlobalSection
	GlobalSection(SolutionProperties) = preSolution
		HideSolutionNode = FALSE
	EndGlobalSection
	GlobalSection(ExtensibilityGlobals) = postSolution
		SolutionGuid = {A6644352-28F2-485F-9632-9A442BE2F308}
	EndGlobalSection
EndGlobal
